
Microsoft Visual Studio Solution File, Format Version 12.00
# Visual Studio Version 17
VisualStudioVersion = 17.3.32825.248
MinimumVisualStudioVersion = 10.0.40219.1
Project("{FAE04EC0-301F-11D3-BF4B-00C04F79EFBC}") = "fib", "fib.csproj", "{E2A8356A-D23A-4D4E-A840-B78202081499}"
EndProject
Global
	GlobalSection(SolutionConfigurationPlatforms) = preSolution
		Debug|Any CPU = Debug|Any CPU
		Release|Any CPU = Release|Any CPU
	EndGlobalSection
	GlobalSection(ProjectConfigurationPlatforms) = postSolution
		{E2A8356A-D23A-4D4E-A840-B78202081499}.Debug|Any CPU.ActiveCfg = Debug|Any CPU
		{E2A8356A-D23A-4D4E-A840-B78202081499}.Debug|Any CPU.Build.0 = Debug|Any CPU
		{E2A8356A-D23A-4D4E-A840-B78202081499}.Release|Any CPU.ActiveCfg = Release|Any CPU
		{E2A8356A-D23A-4D4E-A840-B78202081499}.Release|Any CPU.Build.0 = Release|Any CPU
	EndGlobalSection
	GlobalSection(SolutionProperties) = preSolution
		HideSolutionNode = FALSE
	EndGlobalSection
	GlobalSection(ExtensibilityGlobals) = postSolution
		SolutionGuid = {01BAFDC6-45C9-4231-8E46-AC26EF77DF8B}
	EndGlobalSection
EndGlobal
